
Microsoft Visual Studio Solution File, Format Version 12.00
# Visual Studio Version 17
VisualStudioVersion = 17.0.32014.148
MinimumVisualStudioVersion = 10.0.40219.1
Project("{9A19103F-16F7-4668-BE54-9A1E7A4F7556}") = "LanesBackend", "LanesBackend\LanesBackend.csproj", "{9CA7D518-CCB0-4A49-A0BB-67232EE945F7}"
EndProject
Project("{FAE04EC0-301F-11D3-BF4B-00C04F79EFBC}") = "LanesBackendTests", "LanesBackendTests\LanesBackendTests.csproj", "{50EE4FB5-ADCC-4F93-BD13-8C0A6C30EAEF}"
EndProject
Global
	GlobalSection(SolutionConfigurationPlatforms) = preSolution
		Debug|Any CPU = Debug|Any CPU
		Release|Any CPU = Release|Any CPU
	EndGlobalSection
	GlobalSection(ProjectConfigurationPlatforms) = postSolution
		{9CA7D518-CCB0-4A49-A0BB-67232EE945F7}.Debug|Any CPU.ActiveCfg = Debug|Any CPU
		{9CA7D518-CCB0-4A49-A0BB-67232EE945F7}.Debug|Any CPU.Build.0 = Debug|Any CPU
		{9CA7D518-CCB0-4A49-A0BB-67232EE945F7}.Release|Any CPU.ActiveCfg = Release|Any CPU
		{9CA7D518-CCB0-4A49-A0BB-67232EE945F7}.Release|Any CPU.Build.0 = Release|Any CPU
		{50EE4FB5-ADCC-4F93-BD13-8C0A6C30EAEF}.Debug|Any CPU.ActiveCfg = Debug|Any CPU
		{50EE4FB5-ADCC-4F93-BD13-8C0A6C30EAEF}.Debug|Any CPU.Build.0 = Debug|Any CPU
		{50EE4FB5-ADCC-4F93-BD13-8C0A6C30EAEF}.Release|Any CPU.ActiveCfg = Release|Any CPU
		{50EE4FB5-ADCC-4F93-BD13-8C0A6C30EAEF}.Release|Any CPU.Build.0 = Release|Any CPU
	EndGlobalSection
	GlobalSection(SolutionProperties) = preSolution
		HideSolutionNode = FALSE
	EndGlobalSection
	GlobalSection(ExtensibilityGlobals) = postSolution
		SolutionGuid = {63B62D0D-EC72-443C-96EA-E36F4634EB11}
	EndGlobalSection
EndGlobal
